{
    "_readme": [
        "This file locks the dependencies of your project to a known state",
        "Read more about it at https://getcomposer.org/doc/01-basic-usage.md#installing-dependencies",
        "This file is @generated automatically"
    ],
    "content-hash": "d27e8b37f8b3429fd32b8316871b11a8",
    "packages": [
        {
            "name": "adhocore/cli",
            "version": "v1.9.4",
            "source": {
                "type": "git",
                "url": "https://github.com/adhocore/php-cli.git",
                "reference": "474dc3d7ab139796be98b104d891476e3916b6f4"
            },
            "dist": {
                "type": "zip",
                "url": "https://api.github.com/repos/adhocore/php-cli/zipball/474dc3d7ab139796be98b104d891476e3916b6f4",
                "reference": "474dc3d7ab139796be98b104d891476e3916b6f4",
                "shasum": ""
            },
            "require": {
                "php": ">=8.0"
            },
            "require-dev": {
                "phpunit/phpunit": "^9.0"
            },
            "type": "library",
            "autoload": {
                "files": [
                    "src/functions.php"
                ],
                "psr-4": {
                    "Ahc\\Cli\\": "src/"
                }
            },
            "notification-url": "https://packagist.org/downloads/",
            "license": [
                "MIT"
            ],
            "authors": [
                {
                    "name": "Jitendra Adhikari",
                    "email": "jiten.adhikary@gmail.com"
                }
            ],
            "description": "Command line interface library for PHP",
            "keywords": [
                "argument-parser",
                "argv-parser",
                "cli",
                "cli-action",
                "cli-app",
                "cli-color",
                "cli-option",
                "cli-writer",
                "command",
                "console",
                "console-app",
                "php-cli",
                "php8",
                "stream-input",
                "stream-output"
            ],
            "support": {
                "issues": "https://github.com/adhocore/php-cli/issues",
                "source": "https://github.com/adhocore/php-cli/tree/v1.9.4"
            },
            "funding": [
                {
                    "url": "https://paypal.me/ji10",
                    "type": "custom"
                },
                {
                    "url": "https://github.com/adhocore",
                    "type": "github"
                }
            ],
            "time": "2025-05-11T13:23:54+00:00"
        },
        {
            "name": "league/construct-finder",
            "version": "1.5.0",
            "source": {
                "type": "git",
                "url": "https://github.com/thephpleague/construct-finder.git",
                "reference": "4202ee5985c0a08cf492ea19a02becea0ad56523"
            },
            "dist": {
                "type": "zip",
                "url": "https://api.github.com/repos/thephpleague/construct-finder/zipball/4202ee5985c0a08cf492ea19a02becea0ad56523",
                "reference": "4202ee5985c0a08cf492ea19a02becea0ad56523",
                "shasum": ""
            },
            "require": {
                "php": "~8.0.0 || ~8.1.0 || ~8.2.0 || ~8.3.0 || ~8.4.0 || ~7.4.0"
            },
            "require-dev": {
                "phpstan/phpstan": "^1.3",
                "phpunit/phpunit": "^9.5"
            },
            "type": "library",
            "autoload": {
                "psr-4": {
                    "League\\ConstructFinder\\": "src/"
                }
            },
            "notification-url": "https://packagist.org/downloads/",
            "license": [
                "MIT"
            ],
            "authors": [
                {
                    "name": "Frank de Jonge",
                    "email": "info@frankdejonge.nl"
                }
            ],
            "description": "Finds classes, interfaces, traits, and enums.",
            "support": {
                "issues": "https://github.com/thephpleague/construct-finder/issues",
                "source": "https://github.com/thephpleague/construct-finder/tree/1.5.0"
            },
            "funding": [
                {
                    "url": "https://github.com/frankdejonge",
                    "type": "github"
                }
            ],
            "time": "2024-11-24T10:08:12+00:00"
        }
    ],
    "packages-dev": [],
    "aliases": [],
    "minimum-stability": "stable",
    "stability-flags": [],
    "prefer-stable": false,
    "prefer-lowest": false,
    "platform": [],
    "platform-dev": [],
    "plugin-api-version": "2.3.0"
}
